// !$*UTF8*$!
{
	archiveVersion = 1;
	classes = {
	};
	objectVersion = 50;
	objects = {

/* Begin PBXBuildFile section */
		43371F8F216BC74A007D71EA /* AppDelegate.swift in Sources */ = {isa = PBXBuildFile; fileRef = 43371F8E216BC74A007D71EA /* AppDelegate.swift */; };
		43371F91216BC74A007D71EA /* ViewController.swift in Sources */ = {isa = PBXBuildFile; fileRef = 43371F90216BC74A007D71EA /* ViewController.swift */; };
		43371F94216BC74A007D71EA /* Main.storyboard in Resources */ = {isa = PBXBuildFile; fileRef = 43371F92216BC74A007D71EA /* Main.storyboard */; };
		43371F96216BC74B007D71EA /* Assets.xcassets in Resources */ = {isa = PBXBuildFile; fileRef = 43371F95216BC74B007D71EA /* Assets.xcassets */; };
		43371F99216BC74B007D71EA /* LaunchScreen.storyboard in Resources */ = {isa = PBXBuildFile; fileRef = 43371F97216BC74B007D71EA /* LaunchScreen.storyboard */; };
		43399278216CEA340042E1B6 /* triviaQuestion.swift in Sources */ = {isa = PBXBuildFile; fileRef = 43399277216CEA340042E1B6 /* triviaQuestion.swift */; };
		435041C2216D31D7004B2F02 /* TitleScreenViewController.swift in Sources */ = {isa = PBXBuildFile; fileRef = 435041C1216D31D7004B2F02 /* TitleScreenViewController.swift */; };
/* End PBXBuildFile section */

/* Begin PBXFileReference section */
		43371F8B216BC74A007D71EA /* triviaGame.app */ = {isa = PBXFileReference; explicitFileType = wrapper.application; includeInIndex = 0; path = triviaGame.app; sourceTree = BUILT_PRODUCTS_DIR; };
		43371F8E216BC74A007D71EA /* AppDelegate.swift */ = {isa = PBXFileReference; lastKnownFileType = sourcecode.swift; path = AppDelegate.swift; sourceTree = "<group>"; };
		43371F90216BC74A007D71EA /* ViewController.swift */ = {isa = PBXFileReference; lastKnownFileType = sourcecode.swift; path = ViewController.swift; sourceTree = "<group>"; };
		43371F93216BC74A007D71EA /* Base */ = {isa = PBXFileReference; lastKnownFileType = file.storyboard; name = Base; path = Base.lproj/Main.storyboard; sourceTree = "<group>"; };
		43371F95216BC74B007D71EA /* Assets.xcassets */ = {isa = PBXFileReference; lastKnownFileType = folder.assetcatalog; path = Assets.xcassets; sourceTree = "<group>"; };
		43371F98216BC74B007D71EA /* Base */ = {isa = PBXFileReference; lastKnownFileType = file.storyboard; name = Base; path = Base.lproj/LaunchScreen.storyboard; sourceTree = "<group>"; };
		43371F9A216BC74B007D71EA /* Info.plist */ = {isa = PBXFileReference; lastKnownFileType = text.plist.xml; path = Info.plist; sourceTree = "<group>"; };
		43399277216CEA340042E1B6 /* triviaQuestion.swift */ = {isa = PBXFileReference; lastKnownFileType = sourcecode.swift; path = triviaQuestion.swift; sourceTree = "<group>"; };
		435041C1216D31D7004B2F02 /* TitleScreenViewController.swift */ = {isa = PBXFileReference; lastKnownFileType = sourcecode.swift; path = TitleScreenViewController.swift; sourceTree = "<group>"; };
/* End PBXFileReference section */

/* Begin PBXFrameworksBuildPhase section */
		43371F88216BC74A007D71EA /* Frameworks */ = {
			isa = PBXFrameworksBuildPhase;
			buildActionMask = 2147483647;
			files = (
			);
			runOnlyForDeploymentPostprocessing = 0;
		};
/* End PBXFrameworksBuildPhase section */

/* Begin PBXGroup section */
		43371F82216BC74A007D71EA = {
			isa = PBXGroup;
			children = (
				43371F8D216BC74A007D71EA /* triviaGame */,
				43371F8C216BC74A007D71EA /* Products */,
			);
			sourceTree = "<group>";
		};
		43371F8C216BC74A007D71EA /* Products */ = {
			isa = PBXGroup;
			children = (
				43371F8B216BC74A007D71EA /* triviaGame.app */,
			);
			name = Products;
			sourceTree = "<group>";
		};
		43371F8D216BC74A007D71EA /* triviaGame */ = {
			isa = PBXGroup;
			children = (
				43371F8E216BC74A007D71EA /* AppDelegate.swift */,
				43371F90216BC74A007D71EA /* ViewController.swift */,
				43371F92216BC74A007D71EA /* Main.storyboard */,
				43371F95216BC74B007D71EA /* Assets.xcassets */,
				43371F97216BC74B007D71EA /* LaunchScreen.storyboard */,
				43371F9A216BC74B007D71EA /* Info.plist */,
				43399277216CEA340042E1B6 /* triviaQuestion.swift */,
				435041C1216D31D7004B2F02 /* TitleScreenViewController.swift */,
			);
			path = triviaGame;
			sourceTree = "<group>";
		};
/* End PBXGroup section */

/* Begin PBXNativeTarget section */
		43371F8A216BC74A007D71EA /* triviaGame */ = {
			isa = PBXNativeTarget;
			buildConfigurationList = 43371F9D216BC74B007D71EA /* Build configuration list for PBXNativeTarget "triviaGame" */;
			buildPhases = (
				43371F87216BC74A007D71EA /* Sources */,
				43371F88216BC74A007D71EA /* Frameworks */,
				43371F89216BC74A007D71EA /* Resources */,
			);
			buildRules = (
			);
			dependencies = (
			);
			name = triviaGame;
			productName = triviaGame;
			productReference = 43371F8B216BC74A007D71EA /* triviaGame.app */;
			productType = "com.apple.product-type.application";
		};
/* End PBXNativeTarget section */

/* Begin PBXProject section */
		43371F83216BC74A007D71EA /* Project object */ = {
			isa = PBXProject;
			attributes = {
				LastSwiftUpdateCheck = 1000;
				LastUpgradeCheck = 1000;
				ORGANIZATIONNAME = "Spencer Casteel";
				TargetAttributes = {
					43371F8A216BC74A007D71EA = {
						CreatedOnToolsVersion = 10.0;
					};
				};
			};
			buildConfigurationList = 43371F86216BC74A007D71EA /* Build configuration list for PBXProject "triviaGame" */;
			compatibilityVersion = "Xcode 9.3";
			developmentRegion = en;
			hasScannedForEncodings = 0;
			knownRegions = (
				en,
				Base,
			);
			mainGroup = 43371F82216BC74A007D71EA;
			productRefGroup = 43371F8C216BC74A007D71EA /* Products */;
			projectDirPath = "";
			projectRoot = "";
			targets = (
				43371F8A216BC74A007D71EA /* triviaGame */,
			);
		};
/* End PBXProject section */

/* Begin PBXResourcesBuildPhase section */
		43371F89216BC74A007D71EA /* Resources */ = {
			isa = PBXResourcesBuildPhase;
			buildActionMask = 2147483647;
			files = (
				43371F99216BC74B007D71EA /* LaunchScreen.storyboard in Resources */,
				43371F96216BC74B007D71EA /* Assets.xcassets in Resources */,
				43371F94216BC74A007D71EA /* Main.storyboard in Resources */,
			);
			runOnlyForDeploymentPostprocessing = 0;
		};
/* End PBXResourcesBuildPhase section */

/* Begin PBXSourcesBuildPhase section */
		43371F87216BC74A007D71EA /* Sources */ = {
			isa = PBXSourcesBuildPhase;
			buildActionMask = 2147483647;
			files = (
				43399278216CEA340042E1B6 /* triviaQuestion.swift in Sources */,
				43371F91216BC74A007D71EA /* ViewController.swift in Sources */,
				43371F8F216BC74A007D71EA /* AppDelegate.swift in Sources */,
				435041C2216D31D7004B2F02 /* TitleScreenViewController.swift in Sources */,
			);
			runOnlyForDeploymentPostprocessing = 0;
		};
/* End PBXSourcesBuildPhase section */

/* Begin PBXVariantGroup section */
		43371F92216BC74A007D71EA /* Main.storyboard */ = {
			isa = PBXVariantGroup;
			children = (
				43371F93216BC74A007D71EA /* Base */,
			);
			name = Main.storyboard;
			sourceTree = "<group>";
		};
		43371F97216BC74B007D71EA /* LaunchScreen.storyboard */ = {
			isa = PBXVariantGroup;
			children = (
				43371F98216BC74B007D71EA /* Base */,
			);
			name = LaunchScreen.storyboard;
			sourceTree = "<group>";
		};
/* End PBXVariantGroup section */

/* Begin XCBuildConfiguration section */
		43371F9B216BC74B007D71EA /* Debug */ = {
			isa = XCBuildConfiguration;
			buildSettings = {
				ALWAYS_SEARCH_USER_PATHS = NO;
				CLANG_ANALYZER_NONNULL = YES;
				CLANG_ANALYZER_NUMBER_OBJECT_CONVERSION = YES_AGGRESSIVE;
				CLANG_CXX_LANGUAGE_STANDARD = "gnu++14";
				CLANG_CXX_LIBRARY = "libc++";
				CLANG_ENABLE_MODULES = YES;
				CLANG_ENABLE_OBJC_ARC = YES;
				CLANG_ENABLE_OBJC_WEAK = YES;
				CLANG_WARN_BLOCK_CAPTURE_AUTORELEASING = YES;
				CLANG_WARN_BOOL_CONVERSION = YES;
				CLANG_WARN_COMMA = YES;
				CLANG_WARN_CONSTANT_CONVERSION = YES;
				CLANG_WARN_DEPRECATED_OBJC_IMPLEMENTATIONS = YES;
				CLANG_WARN_DIRECT_OBJC_ISA_USAGE = YES_ERROR;
				CLANG_WARN_DOCUMENTATION_COMMENTS = YES;
				CLANG_WARN_EMPTY_BODY = YES;
				CLANG_WARN_ENUM_CONVERSION = YES;
				CLANG_WARN_INFINITE_RECURSION = YES;
				CLANG_WARN_INT_CONVERSION = YES;
				CLANG_WARN_NON_LITERAL_NULL_CONVERSION = YES;
				CLANG_WARN_OBJC_IMPLICIT_RETAIN_SELF = YES;
				CLANG_WARN_OBJC_LITERAL_CONVERSION = YES;
				CLANG_WARN_OBJC_ROOT_CLASS = YES_ERROR;
				CLANG_WARN_RANGE_LOOP_ANALYSIS = YES;
				CLANG_WARN_STRICT_PROTOTYPES = YES;
				CLANG_WARN_SUSPICIOUS_MOVE = YES;
				CLANG_WARN_UNGUARDED_AVAILABILITY = YES_AGGRESSIVE;
				CLANG_WARN_UNREACHABLE_CODE = YES;
				CLANG_WARN__DUPLICATE_METHOD_MATCH = YES;
				CODE_SIGN_IDENTITY = "iPhone Developer";
				COPY_PHASE_STRIP = NO;
				DEBUG_INFORMATION_FORMAT = dwarf;
				ENABLE_STRICT_OBJC_MSGSEND = YES;
				ENABLE_TESTABILITY = YES;
				GCC_C_LANGUAGE_STANDARD = gnu11;
				GCC_DYNAMIC_NO_PIC = NO;
				GCC_NO_COMMON_BLOCKS = YES;
				GCC_OPTIMIZATION_LEVEL = 0;
				GCC_PREPROCESSOR_DEFINITIONS = (
					"DEBUG=1",
					"$(inherited)",
				);
				GCC_WARN_64_TO_32_BIT_CONVERSION = YES;
				GCC_WARN_ABOUT_RETURN_TYPE = YES_ERROR;
				GCC_WARN_UNDECLARED_SELECTOR = YES;
				GCC_WARN_UNINITIALIZED_AUTOS = YES_AGGRESSIVE;
				GCC_WARN_UNUSED_FUNCTION = YES;
				GCC_WARN_UNUSED_VARIABLE = YES;
				IPHONEOS_DEPLOYMENT_TARGET = 12.0;
				MTL_ENABLE_DEBUG_INFO = INCLUDE_SOURCE;
				MTL_FAST_MATH = YES;
				ONLY_ACTIVE_ARCH = YES;
				SDKROOT = iphoneos;
				SWIFT_ACTIVE_COMPILATION_CONDITIONS = DEBUG;
				SWIFT_OPTIMIZATION_LEVEL = "-Onone";
			};
			name = Debug;
		};
		43371F9C216BC74B007D71EA /* Release */ = {
			isa = XCBuildConfiguration;
			buildSettings = {
				ALWAYS_SEARCH_USER_PATHS = NO;
				CLANG_ANALYZER_NONNULL = YES;
				CLANG_ANALYZER_NUMBER_OBJECT_CONVERSION = YES_AGGRESSIVE;
				CLANG_CXX_LANGUAGE_STANDARD = "gnu++14";
				CLANG_CXX_LIBRARY = "libc++";
				CLANG_ENABLE_MODULES = YES;
				CLANG_ENABLE_OBJC_ARC = YES;
				CLANG_ENABLE_OBJC_WEAK = YES;
				CLANG_WARN_BLOCK_CAPTURE_AUTORELEASING = YES;
				CLANG_WARN_BOOL_CONVERSION = YES;
				CLANG_WARN_COMMA = YES;
				CLANG_WARN_CONSTANT_CONVERSION = YES;
				CLANG_WARN_DEPRECATED_OBJC_IMPLEMENTATIONS = YES;
				CLANG_WARN_DIRECT_OBJC_ISA_USAGE = YES_ERROR;
				CLANG_WARN_DOCUMENTATION_COMMENTS = YES;
				CLANG_WARN_EMPTY_BODY = YES;
				CLANG_WARN_ENUM_CONVERSION = YES;
				CLANG_WARN_INFINITE_RECURSION = YES;
				CLANG_WARN_INT_CONVERSION = YES;
				CLANG_WARN_NON_LITERAL_NULL_CONVERSION = YES;
				CLANG_WARN_OBJC_IMPLICIT_RETAIN_SELF = YES;
				CLANG_WARN_OBJC_LITERAL_CONVERSION = YES;
				CLANG_WARN_OBJC_ROOT_CLASS = YES_ERROR;
				CLANG_WARN_RANGE_LOOP_ANALYSIS = YES;
				CLANG_WARN_STRICT_PROTOTYPES = YES;
				CLANG_WARN_SUSPICIOUS_MOVE = YES;
				CLANG_WARN_UNGUARDED_AVAILABILITY = YES_AGGRESSIVE;
				CLANG_WARN_UNREACHABLE_CODE = YES;
				CLANG_WARN__DUPLICATE_METHOD_MATCH = YES;
				CODE_SIGN_IDENTITY = "iPhone Developer";
				COPY_PHASE_STRIP = NO;
				DEBUG_INFORMATION_FORMAT = "dwarf-with-dsym";
				ENABLE_NS_ASSERTIONS = NO;
				ENABLE_STRICT_OBJC_MSGSEND = YES;
				GCC_C_LANGUAGE_STANDARD = gnu11;
				GCC_NO_COMMON_BLOCKS = YES;
				GCC_WARN_64_TO_32_BIT_CONVERSION = YES;
				GCC_WARN_ABOUT_RETURN_TYPE = YES_ERROR;
				GCC_WARN_UNDECLARED_SELECTOR = YES;
				GCC_WARN_UNINITIALIZED_AUTOS = YES_AGGRESSIVE;
				GCC_WARN_UNUSED_FUNCTION = YES;
				GCC_WARN_UNUSED_VARIABLE = YES;
				IPHONEOS_DEPLOYMENT_TARGET = 12.0;
				MTL_ENABLE_DEBUG_INFO = NO;
				MTL_FAST_MATH = YES;
				SDKROOT = iphoneos;
				SWIFT_COMPILATION_MODE = wholemodule;
				SWIFT_OPTIMIZATION_LEVEL = "-O";
				VALIDATE_PRODUCT = YES;
			};
			name = Release;
		};
		43371F9E216BC74B007D71EA /* Debug */ = {
			isa = XCBuildConfiguration;
			buildSettings = {
				ASSETCATALOG_COMPILER_APPICON_NAME = AppIcon;
				CODE_SIGN_STYLE = Automatic;
				INFOPLIST_FILE = triviaGame/Info.plist;
				LD_RUNPATH_SEARCH_PATHS = (
					"$(inherited)",
					"@executable_path/Frameworks",
				);
				PRODUCT_BUNDLE_IDENTIFIER = com.interaptskills.triviaGame;
				PRODUCT_NAME = "$(TARGET_NAME)";
				SWIFT_VERSION = 4.2;
				TARGETED_DEVICE_FAMILY = "1,2";
			};
			name = Debug;
		};
		43371F9F216BC74B007D71EA /* Release */ = {
			isa = XCBuildConfiguration;
			buildSettings = {
				ASSETCATALOG_COMPILER_APPICON_NAME = AppIcon;
				CODE_SIGN_STYLE = Automatic;
				INFOPLIST_FILE = triviaGame/Info.plist;
				LD_RUNPATH_SEARCH_PATHS = (
					"$(inherited)",
					"@executable_path/Frameworks",
				);
				PRODUCT_BUNDLE_IDENTIFIER = com.interaptskills.triviaGame;
				PRODUCT_NAME = "$(TARGET_NAME)";
				SWIFT_VERSION = 4.2;
				TARGETED_DEVICE_FAMILY = "1,2";
			};
			name = Release;
		};
/* End XCBuildConfiguration section */

/* Begin XCConfigurationList section */
		43371F86216BC74A007D71EA /* Build configuration list for PBXProject "triviaGame" */ = {
			isa = XCConfigurationList;
			buildConfigurations = (
				43371F9B216BC74B007D71EA /* Debug */,
				43371F9C216BC74B007D71EA /* Release */,
			);
			defaultConfigurationIsVisible = 0;
			defaultConfigurationName = Release;
		};
		43371F9D216BC74B007D71EA /* Build configuration list for PBXNativeTarget "triviaGame" */ = {
			isa = XCConfigurationList;
			buildConfigurations = (
				43371F9E216BC74B007D71EA /* Debug */,
				43371F9F216BC74B007D71EA /* Release */,
			);
			defaultConfigurationIsVisible = 0;
			defaultConfigurationName = Release;
		};
/* End XCConfigurationList section */
	};
	rootObject = 43371F83216BC74A007D71EA /* Project object */;
}
